{
  "name": "component",
  "version": "1.0.0",
  "lockfileVersion": 1,
  "requires": true,
  "dependencies": {
    "vant-aliapp": {
      "version": "1.1.2",
      "resolved": "https://registry.npmjs.org/vant-aliapp/-/vant-aliapp-1.1.2.tgz",
      "integrity": "sha512-134EabWQTWmAgG2goe+X5A1THVIMAKU2yLziETcgRiuibidujCw11wVTh1m4mm0OyJCyXAKdUXyyk5/Tw9gvHA=="
    }
  }
}
